{
  "lockfileVersion": 2,
  "configVersion": 1,
  "workspaces": {
    "": {
      "name": "@zig-utils/site",
      "devDependencies": {
        "@stacksjs/bunpress": "^0.1.20",
        "@stacksjs/stx": "^0.2.99",
        "@stacksjs/ts-cloud": "^0.7.56",
      },
    },
  },
  "packages": {
    "@cwcss/crosswind": ["@cwcss/crosswind@0.2.10", "", { "dependencies": { "@stacksjs/clapp": "^0.2.0", "bunfig": "^0.15.0" }, "bin": { "crosswind": "./dist/cli.js" } }, "sha512-yG0kjhmhZxSQtmDu3STgIrYc6zUuH+g6gwzaYq5LqKStY1HM65WZWMI86ZqET6yGRRWUdQQMCF2176o2nK8YRA=="],

    "@stacksjs/bunpress": ["@stacksjs/bunpress@0.1.20", "", { "dependencies": { "@stacksjs/stx": "^0.2.82", "@stacksjs/ts-cloud": "^0.7.51", "@stacksjs/ts-md": "^0.1.1", "bunfig": "^0.15.6" }, "bin": { "bunpress": "./dist/bin/cli.js" } }, "sha512-cs9Q9rmmdPPQM1Ji+9LO7EpoL/vFbFMsZ5WsUeWKEVUQ77uDl4zAHvUpxK5eIyuFW8RCmTkpPvDpH2xtCCkhog=="],

    "@stacksjs/clapp": ["@stacksjs/clapp@0.2.12", "", {}, "sha512-EzCjl9cfKNMe7UPONHSSAffyfFVrbLzcEVx2i6HYLnJkcka5HFf1vPvOMkErCC10WDX+2Z1BOMTdsTXP1MqIbQ=="],

    "@stacksjs/clarity": ["@stacksjs/clarity@0.3.31", "", { "dependencies": { "bunfig": "^0.15.6" }, "bin": { "clarity": "./dist/bin/cli.js" } }, "sha512-lMw327fKgABG7+cPwtJoiEFlrC9foxrMYKRWIagqEtNHKzgxBR17hOAXH27D4hgLDLvkQFUCNDY4kcWXCt62fQ=="],

    "@stacksjs/desktop": ["@stacksjs/desktop@0.2.99", "", { "peerDependencies": { "craft": "*" }, "optionalPeers": ["craft"] }, "sha512-CQwp77Y50Qbz3ih2KBGfIqUhmUm3U5wkPHDGtQM6hIlBYexbyxtdZMBp/uZkvD4wYrtojMtqnzb/TxBvxwQ9uA=="],

    "@stacksjs/sanitizer": ["@stacksjs/sanitizer@0.2.99", "", {}, "sha512-bIJy4mgT1rVVW8wGSS31qnIOvDynh+ZKA66bo+LNqct3msEr62w28w/nTFp2MlGp2VGiPTZn0GKxLkIKWa1UXQ=="],

    "@stacksjs/stx": ["@stacksjs/stx@0.2.99", "", { "dependencies": { "@cwcss/crosswind": "^0.2.6", "@stacksjs/clapp": "^0.2.0", "@stacksjs/sanitizer": "0.2.99", "@stacksjs/ts-i18n": "^0.1.11", "bun-plugin-stx": "0.2.99", "bunfig": "^0.15.15", "stx-router": "0.2.99", "ts-broadcasting": "^0.0.8", "ts-images": "^0.1.9", "ts-syntax-highlighter": "^0.2.1" }, "optionalDependencies": { "@stacksjs/desktop": "0.2.99" }, "bin": { "stx": "./dist/cli.js" } }, "sha512-F4GuF4XXRLC7QEUQvcZkzj9yc27wDS0k44GQ7TAZzbu0Dxd4KxJsGw2PM4fgVc5Fi+C/v/tXXf9Dp9AnP7QV/w=="],

    "@stacksjs/ts-avif": ["@stacksjs/ts-avif@0.1.3", "", {}, "sha512-4yysfhz3qjC3DbM1VoG0uW4DjrROjY2eXFUElcMUEe1dH8tGoeLF3BVLi2qdKchtRNX2kojnrbS1vLv4njKIXQ=="],

    "@stacksjs/ts-bmp": ["@stacksjs/ts-bmp@0.1.1", "", {}, "sha512-TIgm4rbCoYOijlg2gQuAyJErXeeoVzra4snxNvZ2fe6QBGIA0gm5147oo3t/cIeTMUzbmnyJ1g0QbT4kP4Ck9Q=="],

    "@stacksjs/ts-cloud": ["@stacksjs/ts-cloud@0.7.56", "", { "dependencies": { "@stacksjs/ts-xml": "^0.1.0", "@ts-cloud/aws-types": "0.7.56", "@ts-cloud/core": "0.7.56" }, "bin": { "cloud": "./dist/bin/cli.js" } }, "sha512-rjnCvHC9a6Jp+ITDqiO5vVMQ5oKNcUY4KRIXIh038v+8RhuSCOs2XzS6lK8RKSbsQYakSutQGrOBt+Mc3Pvy5A=="],

    "@stacksjs/ts-css": ["@stacksjs/ts-css@0.1.1", "", { "dependencies": { "bunfig": "^0.15.6" }, "bin": { "ts-css": "./dist/bin/cli.js" } }, "sha512-E2lxtiY4LqX+wEr3CeBRw7veZ7M7rlt5rjUErOCV9WCQ3d1SnSI4WADpe8rXkWwxykx3/9prLOF0PgfHfDzlEg=="],

    "@stacksjs/ts-i18n": ["@stacksjs/ts-i18n@0.1.11", "", { "dependencies": { "@stacksjs/clapp": "^0.2.9", "bunfig": "^0.15.6" }, "bin": { "i18n": "./dist/cli.js" } }, "sha512-33FM0gKdxBy6EUsUZLGAMe0D7QUZ4f/BQXRsQIyzkZgs2+juruUTevPuJGCjWSZsgJuiaBfEJn8Oq8ctuo1OWQ=="],

    "@stacksjs/ts-md": ["@stacksjs/ts-md@0.1.1", "", { "bin": { "md": "./bin/cli.ts" } }, "sha512-kvsSg7S3vHq65fnHIRggTLudN4n1sjkos86xLB62V6PVRa8iosYAmFKVDTGaJk+0MdsIoRwQbJ2vLWVcNQsgGw=="],

    "@stacksjs/ts-png": ["@stacksjs/ts-png@0.1.8", "", {}, "sha512-6xJFCujeERqSJDdL/56XOButQnQuvUPdrKfAj5Ge2YQyQ3EgY7Eq6h24qaePHmEEiWDoo/4N6Wi2VvZpQXwz9w=="],

    "@stacksjs/ts-svg": ["@stacksjs/ts-svg@0.1.2", "", { "dependencies": { "@stacksjs/ts-css": "^0.1.0", "@stacksjs/ts-png": "^0.1.2" }, "bin": { "svg": "./dist/cli.js" } }, "sha512-G4xwU9P/I2JbCAxyvUktv2Y+qYGktuxG5VvCYnF7jrhTD9x+spmdDVmLZ08wkdVTdvtzyJbzY0C25+ESACleBQ=="],

    "@stacksjs/ts-webp": ["@stacksjs/ts-webp@0.1.2", "", {}, "sha512-Wefb+axmDV5cC6gO0VtW7yldPBB9IcqNoywrj4r+5g6t95ciRhZAqU/+Ho6/n7vb4kSPTzlET/YSbr5O9/wM7w=="],

    "@stacksjs/ts-xml": ["@stacksjs/ts-xml@0.1.0", "", { "bin": { "bin-name": "./dist/bin/cli.js" } }, "sha512-YB7FSlFcPqopUOmjK1Qqr5E6QaarerIFJzWfUXOO/EuR1qX+IRRKxOKbWRmCvN72Mnchz8EfXhlvxEK+Zz/mQQ=="],

    "@ts-cloud/aws-types": ["@ts-cloud/aws-types@0.7.56", "", {}, "sha512-KNuDy/xr5cAZgU1VJ6W5WQR9npWZTaGHn6MyVWJOCzti1EfGS9Ui26mNj/+jE7NuskyqIYPTHDR/JY3kA/c+ww=="],

    "@ts-cloud/core": ["@ts-cloud/core@0.7.56", "", { "dependencies": { "@ts-cloud/aws-types": "0.7.56" } }, "sha512-DG4DFeIePeKJFd1BUg9bbImLf439KD1o9kmtmNDLpf8jjNk10qLQQH4pyv8nx7S1IhWXuBImpsWtlnVkklYYmA=="],

    "bun-plugin-stx": ["bun-plugin-stx@0.2.99", "", { "dependencies": { "@stacksjs/stx": "^0.2.72", "stx-router": "^0.2.72" }, "bin": { "serve": "./dist/serve.js", "stx-serve": "./dist/serve.js" } }, "sha512-aMbMujmUqabHjA/NFJMJrKP2EieK4Dkr8dtLSDiinTjdIBnsLNCuy8yBWHPF/x6bD4tnvctF5FORlyOBoIXX8Q=="],

    "bunfig": ["bunfig@0.15.15", "", { "dependencies": { "@stacksjs/clapp": "^0.2.0", "@stacksjs/clarity": "^0.3.24" }, "bin": { "bunfig": "./bin/cli.js" } }, "sha512-LEBk4M2WqwsJs7U9N5ZnEV6C9Oq74yhcF0VQj/dFBLWyxhDozH3xn4zxrJOFyTwYzYPn6AyDGtSnq2B05HrWZA=="],

    "data-uri-to-buffer": ["data-uri-to-buffer@6.0.2", "", {}, "sha512-7hvf7/GW8e86rW0ptuwS3OcBGDjIi6SZva7hCyWC0yYry2cOPmLIjXAUHI6DK2HsnwJd9ifmt57i8eV2n4YNpw=="],

    "stx-router": ["stx-router@0.2.99", "", {}, "sha512-hAkLewTtvi5wkG3AHlAkEPJR763n1wxkCfOhv/B5YGna0uO/3l8ilS1ZSvThM/5H8WUDT775b9AaWbzqwqp5Bw=="],

    "ts-broadcasting": ["ts-broadcasting@0.0.8", "", { "bin": { "broadcast": "./dist/bin/cli.js" } }, "sha512-0qeFeTeWCRTkVQBLIhtvPCEhJ72EwF+G0TDF2V03ldxDKbFWlCRM5nJuP8aXyZDxeeGZ6zWwYtAIMRHrmwEDAA=="],

    "ts-gif": ["ts-gif@0.1.2", "", { "dependencies": { "data-uri-to-buffer": "^6.0.2" } }, "sha512-jbraplO1qqJtrtkFeepNPUGPad7w8FQHWIQFsn1OJbHeWKUbdqdkrX18XzNXI5Fw7+s6A3nbNTdj+Ukn4d3f8g=="],

    "ts-images": ["ts-images@0.1.11", "", { "dependencies": { "@stacksjs/ts-avif": "^0.1.0", "@stacksjs/ts-bmp": "^0.1.0", "@stacksjs/ts-png": "^0.1.2", "@stacksjs/ts-svg": "^0.1.1", "@stacksjs/ts-webp": "^0.1.0", "ts-gif": "^0.1.2", "ts-jpeg": "^0.3.1" }, "bin": { "imgx": "./dist/bin/cli.js" } }, "sha512-b5g1uADQR1Ytg4mS0EyFEce9jWhxC/kj1f5ChTVnnpPZV8NhI+aEW8YbH+LMDRCzCE1HRJiUIweUPqMkMAytIA=="],

    "ts-jpeg": ["ts-jpeg@0.3.4", "", {}, "sha512-yK5fhHcMVBoEs+qReAMrDsh4q1mDmheylyg1k30TKzLeZl4hkM5MIMIEy4ZuFtV3l276JomBSZKnlEYoA1/eeQ=="],

    "ts-syntax-highlighter": ["ts-syntax-highlighter@0.2.5", "", { "bin": { "ts-syntax-highlighter": "./dist/bin/cli.js" } }, "sha512-4v2wDrPRZOeAA3o647xhyvuzpTIiSqimuR/KWoRZ/BtqX1yC9tesJzRMPpkbwZOI6BoJs65wST20Ma6Nyw+2Rg=="],
  }
}
